PODS:
  - BranchSDK (3.0.1)
  - Capacitor (5.6.0):
    - CapacitorCordova
  - CapacitorBranchDeepLinks (6.0.0):
    - BranchSDK
    - Capacitor
  - CapacitorCordova (5.6.0)

DEPENDENCIES:
  - "Capacitor (from `../../node_modules/@capacitor/ios`)"
  - CapacitorBranchDeepLinks (from `../../node_modules/capacitor-branch-deep-links`)
  - "CapacitorCordova (from `../../node_modules/@capacitor/ios`)"

SPEC REPOS:
  trunk:
    - BranchSDK

EXTERNAL SOURCES:
  Capacitor:
    :path: "../../node_modules/@capacitor/ios"
  CapacitorBranchDeepLinks:
    :path: "../../node_modules/capacitor-branch-deep-links"
  CapacitorCordova:
    :path: "../../node_modules/@capacitor/ios"

SPEC CHECKSUMS:
  BranchSDK: e268bcf41469051c9e83efcd6fd85d0ba91d1d0f
  Capacitor: ebfc16cdb8116d04c101686b080342872da42d43
  CapacitorBranchDeepLinks: 6908a1bfec361ee740ab1b0f32defe623149df76
  CapacitorCordova: 931b48fcdbc9bc985fc2f16cec9f77c794a27729

PODFILE CHECKSUM: 5d2895c7e50bdffbf6ad97487ed63e8678dd29ce

COCOAPODS: 1.11.3
